# This file is automatically @generated by Cargo.
# It is not intended for manual editing.
version = 3

[[package]]
name = "bitflags"
version = "2.11.1"
source = "registry+https://github.com/rust-lang/crates.io-index"
checksum = "c4512299f36f043ab09a583e57bceb5a5aab7a73db1805848e8fef3c9e8c78b3"

[[package]]
name = "crustf"
version = "0.1.0"
dependencies = [
 "crustf-asm",
 "crustf-spec",
]

[[package]]
name = "crustf-asm"
version = "0.1.0"
dependencies = [
 "bitflags",
 "crustf-spec",
]

[[package]]
name = "crustf-jvm-integration-tests"
version = "0.1.0"
dependencies = [
 "crustf",
]

[[package]]
name = "crustf-spec"
version = "0.1.0"
dependencies = [
 "bitflags",
]
